
Microsoft Visual Studio Solution File, Format Version 12.00
# Visual Studio Version 17
VisualStudioVersion = 17.5.33627.172
MinimumVisualStudioVersion = 10.0.40219.1
Project("{9A19103F-16F7-4668-BE54-9A1E7A4F7556}") = "clinic.domain", "clinic.domain\clinic.domain.csproj", "{49600EBA-0B89-41F6-9392-E0FD2F79C8F3}"
EndProject
Project("{9A19103F-16F7-4668-BE54-9A1E7A4F7556}") = "clinic.data", "clinic.data\clinic.data.csproj", "{60F0F027-CC62-4F36-8049-C33D07DF0435}"
EndProject
Project("{9A19103F-16F7-4668-BE54-9A1E7A4F7556}") = "clinic.api", "clinic.api\clinic.api.csproj", "{E8848B63-13C9-49A0-9661-61C45218EA32}"
EndProject
Project("{9A19103F-16F7-4668-BE54-9A1E7A4F7556}") = "clinic.application", "clinic.application\clinic.application.csproj", "{71E303B8-BBA8-4114-BB2D-80CF14A180EE}"
EndProject
Project("{2150E333-8FDC-42A3-9474-1A3956D46DE8}") = "1-Domain", "1-Domain", "{E08B3D41-3D62-47D4-891E-42B2A3B83975}"
EndProject
Project("{2150E333-8FDC-42A3-9474-1A3956D46DE8}") = "2-Infrastructure", "2-Infrastructure", "{62544F30-3B1D-4F65-8F12-F74E7741CFA8}"
EndProject
Project("{2150E333-8FDC-42A3-9474-1A3956D46DE8}") = "3-Application", "3-Application", "{6C5C6A01-CDF8-4066-B5CB-655E3385E7F9}"
EndProject
Project("{2150E333-8FDC-42A3-9474-1A3956D46DE8}") = "5-Presentation", "5-Presentation", "{0D7A9100-ADBD-42AB-94B0-A7FFC34F0592}"
EndProject
Project("{FAE04EC0-301F-11D3-BF4B-00C04F79EFBC}") = "clinic.IoC", "clinic.IoC\clinic.IoC.csproj", "{9F0257C2-C6FA-4A21-821B-1F540AB5DAA9}"
EndProject
Project("{FAE04EC0-301F-11D3-BF4B-00C04F79EFBC}") = "clinic.CrossCutting", "clinic.CrossCutting\clinic.CrossCutting.csproj", "{65855F94-10F8-4DFB-8933-75FE34E5A7FD}"
	ProjectSection(ProjectDependencies) = postProject
		{49600EBA-0B89-41F6-9392-E0FD2F79C8F3} = {49600EBA-0B89-41F6-9392-E0FD2F79C8F3}
	EndProjectSection
EndProject
Project("{2150E333-8FDC-42A3-9474-1A3956D46DE8}") = "4-CrossCutting", "4-CrossCutting", "{02EA681E-C7D8-13C7-8484-4AC65E1B71E8}"
EndProject
Project("{2150E333-8FDC-42A3-9474-1A3956D46DE8}") = "Solution Items", "Solution Items", "{3903B59E-F848-4BFB-BB2F-1B7B61D4B432}"
	ProjectSection(SolutionItems) = preProject
		.editorconfig = .editorconfig
	EndProjectSection
EndProject
Global
	GlobalSection(SolutionConfigurationPlatforms) = preSolution
		Debug|Any CPU = Debug|Any CPU
		Release|Any CPU = Release|Any CPU
	EndGlobalSection
	GlobalSection(ProjectConfigurationPlatforms) = postSolution
		{49600EBA-0B89-41F6-9392-E0FD2F79C8F3}.Debug|Any CPU.ActiveCfg = Debug|Any CPU
		{49600EBA-0B89-41F6-9392-E0FD2F79C8F3}.Debug|Any CPU.Build.0 = Debug|Any CPU
		{49600EBA-0B89-41F6-9392-E0FD2F79C8F3}.Release|Any CPU.ActiveCfg = Release|Any CPU
		{49600EBA-0B89-41F6-9392-E0FD2F79C8F3}.Release|Any CPU.Build.0 = Release|Any CPU
		{60F0F027-CC62-4F36-8049-C33D07DF0435}.Debug|Any CPU.ActiveCfg = Debug|Any CPU
		{60F0F027-CC62-4F36-8049-C33D07DF0435}.Debug|Any CPU.Build.0 = Debug|Any CPU
		{60F0F027-CC62-4F36-8049-C33D07DF0435}.Release|Any CPU.ActiveCfg = Release|Any CPU
		{60F0F027-CC62-4F36-8049-C33D07DF0435}.Release|Any CPU.Build.0 = Release|Any CPU
		{E8848B63-13C9-49A0-9661-61C45218EA32}.Debug|Any CPU.ActiveCfg = Debug|Any CPU
		{E8848B63-13C9-49A0-9661-61C45218EA32}.Debug|Any CPU.Build.0 = Debug|Any CPU
		{E8848B63-13C9-49A0-9661-61C45218EA32}.Release|Any CPU.ActiveCfg = Release|Any CPU
		{E8848B63-13C9-49A0-9661-61C45218EA32}.Release|Any CPU.Build.0 = Release|Any CPU
		{71E303B8-BBA8-4114-BB2D-80CF14A180EE}.Debug|Any CPU.ActiveCfg = Debug|Any CPU
		{71E303B8-BBA8-4114-BB2D-80CF14A180EE}.Debug|Any CPU.Build.0 = Debug|Any CPU
		{71E303B8-BBA8-4114-BB2D-80CF14A180EE}.Release|Any CPU.ActiveCfg = Release|Any CPU
		{71E303B8-BBA8-4114-BB2D-80CF14A180EE}.Release|Any CPU.Build.0 = Release|Any CPU
		{9F0257C2-C6FA-4A21-821B-1F540AB5DAA9}.Debug|Any CPU.ActiveCfg = Debug|Any CPU
		{9F0257C2-C6FA-4A21-821B-1F540AB5DAA9}.Debug|Any CPU.Build.0 = Debug|Any CPU
		{9F0257C2-C6FA-4A21-821B-1F540AB5DAA9}.Release|Any CPU.ActiveCfg = Release|Any CPU
		{9F0257C2-C6FA-4A21-821B-1F540AB5DAA9}.Release|Any CPU.Build.0 = Release|Any CPU
		{65855F94-10F8-4DFB-8933-75FE34E5A7FD}.Debug|Any CPU.ActiveCfg = Debug|Any CPU
		{65855F94-10F8-4DFB-8933-75FE34E5A7FD}.Debug|Any CPU.Build.0 = Debug|Any CPU
		{65855F94-10F8-4DFB-8933-75FE34E5A7FD}.Release|Any CPU.ActiveCfg = Release|Any CPU
		{65855F94-10F8-4DFB-8933-75FE34E5A7FD}.Release|Any CPU.Build.0 = Release|Any CPU
	EndGlobalSection
	GlobalSection(SolutionProperties) = preSolution
		HideSolutionNode = FALSE
	EndGlobalSection
	GlobalSection(NestedProjects) = preSolution
		{49600EBA-0B89-41F6-9392-E0FD2F79C8F3} = {E08B3D41-3D62-47D4-891E-42B2A3B83975}
		{60F0F027-CC62-4F36-8049-C33D07DF0435} = {62544F30-3B1D-4F65-8F12-F74E7741CFA8}
		{E8848B63-13C9-49A0-9661-61C45218EA32} = {0D7A9100-ADBD-42AB-94B0-A7FFC34F0592}
		{71E303B8-BBA8-4114-BB2D-80CF14A180EE} = {6C5C6A01-CDF8-4066-B5CB-655E3385E7F9}
		{9F0257C2-C6FA-4A21-821B-1F540AB5DAA9} = {62544F30-3B1D-4F65-8F12-F74E7741CFA8}
		{65855F94-10F8-4DFB-8933-75FE34E5A7FD} = {02EA681E-C7D8-13C7-8484-4AC65E1B71E8}
	EndGlobalSection
	GlobalSection(ExtensibilityGlobals) = postSolution
		SolutionGuid = {2AB28166-467C-4B81-960E-8308466440F8}
	EndGlobalSection
EndGlobal
